
Microsoft Visual Studio Solution File, Format Version 12.00
# Visual Studio 14
VisualStudioVersion = 14.0.24720.0
MinimumVisualStudioVersion = 10.0.40219.1
Project("{FAE04EC0-301F-11D3-BF4B-00C04F79EFBC}") = "DI_Ninject_Sample", "DI_Ninject_Sample\DI_Ninject_Sample.csproj", "{D1A2FFDE-5935-44D7-8259-EEDD37687774}"
	ProjectSection(ProjectDependencies) = postProject
		{D2A125B4-8C36-48BC-B339-E7615EDBD961} = {D2A125B4-8C36-48BC-B339-E7615EDBD961}
	EndProjectSection
EndProject
Project("{FAE04EC0-301F-11D3-BF4B-00C04F79EFBC}") = "upmce_emv_common", "upmce_emv_common\upmce_emv_common.csproj", "{D2A125B4-8C36-48BC-B339-E7615EDBD961}"
EndProject
Project("{FAE04EC0-301F-11D3-BF4B-00C04F79EFBC}") = "upmce_emv_concreteA", "upmce_emv_concreteA\upmce_emv_concreteA.csproj", "{AADC737B-8B4E-400F-BB8F-B77F790DEF61}"
EndProject
Project("{FAE04EC0-301F-11D3-BF4B-00C04F79EFBC}") = "upmce_emv_concreteB", "upmce_emv_concreteB\upmce_emv_concreteB.csproj", "{9736625D-6399-47C3-B483-A173DE40276F}"
EndProject
Project("{FAE04EC0-301F-11D3-BF4B-00C04F79EFBC}") = "upmce_emv_tests", "upmce_emv_tests\upmce_emv_tests.csproj", "{FE242D03-9B38-4E62-9210-5EE809A1326C}"
EndProject
Global
	GlobalSection(SolutionConfigurationPlatforms) = preSolution
		Debug|Any CPU = Debug|Any CPU
		Release|Any CPU = Release|Any CPU
	EndGlobalSection
	GlobalSection(ProjectConfigurationPlatforms) = postSolution
		{D1A2FFDE-5935-44D7-8259-EEDD37687774}.Debug|Any CPU.ActiveCfg = Debug|Any CPU
		{D1A2FFDE-5935-44D7-8259-EEDD37687774}.Debug|Any CPU.Build.0 = Debug|Any CPU
		{D1A2FFDE-5935-44D7-8259-EEDD37687774}.Release|Any CPU.ActiveCfg = Release|Any CPU
		{D1A2FFDE-5935-44D7-8259-EEDD37687774}.Release|Any CPU.Build.0 = Release|Any CPU
		{D2A125B4-8C36-48BC-B339-E7615EDBD961}.Debug|Any CPU.ActiveCfg = Debug|Any CPU
		{D2A125B4-8C36-48BC-B339-E7615EDBD961}.Debug|Any CPU.Build.0 = Debug|Any CPU
		{D2A125B4-8C36-48BC-B339-E7615EDBD961}.Release|Any CPU.ActiveCfg = Release|Any CPU
		{D2A125B4-8C36-48BC-B339-E7615EDBD961}.Release|Any CPU.Build.0 = Release|Any CPU
		{AADC737B-8B4E-400F-BB8F-B77F790DEF61}.Debug|Any CPU.ActiveCfg = Debug|Any CPU
		{AADC737B-8B4E-400F-BB8F-B77F790DEF61}.Debug|Any CPU.Build.0 = Debug|Any CPU
		{AADC737B-8B4E-400F-BB8F-B77F790DEF61}.Release|Any CPU.ActiveCfg = Release|Any CPU
		{AADC737B-8B4E-400F-BB8F-B77F790DEF61}.Release|Any CPU.Build.0 = Release|Any CPU
		{9736625D-6399-47C3-B483-A173DE40276F}.Debug|Any CPU.ActiveCfg = Debug|Any CPU
		{9736625D-6399-47C3-B483-A173DE40276F}.Debug|Any CPU.Build.0 = Debug|Any CPU
		{9736625D-6399-47C3-B483-A173DE40276F}.Release|Any CPU.ActiveCfg = Release|Any CPU
		{9736625D-6399-47C3-B483-A173DE40276F}.Release|Any CPU.Build.0 = Release|Any CPU
		{FE242D03-9B38-4E62-9210-5EE809A1326C}.Debug|Any CPU.ActiveCfg = Debug|Any CPU
		{FE242D03-9B38-4E62-9210-5EE809A1326C}.Debug|Any CPU.Build.0 = Debug|Any CPU
		{FE242D03-9B38-4E62-9210-5EE809A1326C}.Release|Any CPU.ActiveCfg = Release|Any CPU
		{FE242D03-9B38-4E62-9210-5EE809A1326C}.Release|Any CPU.Build.0 = Release|Any CPU
	EndGlobalSection
	GlobalSection(SolutionProperties) = preSolution
		HideSolutionNode = FALSE
	EndGlobalSection
EndGlobal
